
Microsoft Visual Studio Solution File, Format Version 12.00
# Visual Studio 15
VisualStudioVersion = 15.0.28307.106
MinimumVisualStudioVersion = 10.0.40219.1
Project("{FAE04EC0-301F-11D3-BF4B-00C04F79EFBC}") = "AudioPlayer", "AudioPlayer\AudioPlayer.csproj", "{214A357B-4E79-4C5E-9521-AB5184A19A40}"
EndProject
Global
	GlobalSection(SolutionConfigurationPlatforms) = preSolution
		Debug|Any CPU = Debug|Any CPU
		Release|Any CPU = Release|Any CPU
	EndGlobalSection
	GlobalSection(ProjectConfigurationPlatforms) = postSolution
		{214A357B-4E79-4C5E-9521-AB5184A19A40}.Debug|Any CPU.ActiveCfg = Debug|Any CPU
		{214A357B-4E79-4C5E-9521-AB5184A19A40}.Debug|Any CPU.Build.0 = Debug|Any CPU
		{214A357B-4E79-4C5E-9521-AB5184A19A40}.Release|Any CPU.ActiveCfg = Release|Any CPU
		{214A357B-4E79-4C5E-9521-AB5184A19A40}.Release|Any CPU.Build.0 = Release|Any CPU
	EndGlobalSection
	GlobalSection(SolutionProperties) = preSolution
		HideSolutionNode = FALSE
	EndGlobalSection
	GlobalSection(ExtensibilityGlobals) = postSolution
		SolutionGuid = {114CBBF4-1D6E-4264-BE23-9C5BF41EAD28}
	EndGlobalSection
EndGlobal
